# This file is autogenerated, do not edit; changes may be undone by the next 'dep ensure'.


[[projects]]
  branch = "master"
  digest = "1:77395dd3847dac9c45118c668f5dab85aedf0163dc3b38aea6578c5cf0d502f9"
  name = "github.com/hashicorp/go-version"
  packages = ["."]
  pruneopts = "UT"
  revision = "b5a281d3160aa11950a6182bd9a9dc2cb1e02d50"

[[projects]]
  branch = "master"
  digest = "1:16ae35b3a854c667baaf55ff5d455c486f7c2baf040a2727f2ef0e4b096b2a95"
  name = "github.com/hashicorp/logutils"
  packages = ["."]
  pruneopts = "UT"
  revision = "a335183dfd075f638afcc820c90591ca3c97eba6"

[[projects]]
  digest = "1:332eb51d0198ce562b1429d1455852ebde8ef523b8b840228d4b83a41ff77b0b"
  name = "github.com/pact-foundation/pact-go"
  packages = [
    "client",
    "dsl",
    "install",
    "types",
    "utils",
  ]
  pruneopts = "UT"
  revision = "6b222e8f6bd14cf7d92a9c7f2a0464ff80af8a67"
  version = "v1.0.0-beta.2"

[solve-meta]
  analyzer-name = "dep"
  analyzer-version = 1
  input-imports = [
    "github.com/pact-foundation/pact-go/dsl",
    "github.com/pact-foundation/pact-go/types",
    "github.com/pact-foundation/pact-go/utils",
  ]
  solver-name = "gps-cdcl"
  solver-version = 1
